
Microsoft Visual Studio Solution File, Format Version 12.00
# Visual Studio Version 17
VisualStudioVersion = 17.12.35707.178
MinimumVisualStudioVersion = 10.0.40219.1
Project("{FAE04EC0-301F-11D3-BF4B-00C04F79EFBC}") = "DividirDosNumeros", "DividirDosNumeros\DividirDosNumeros.csproj", "{A83AC11A-DE4F-4A41-8B65-4A7164E31B3C}"
EndProject
Project("{FAE04EC0-301F-11D3-BF4B-00C04F79EFBC}") = "MultiplicarDosNumeros", "MultiplicarDosNumeros\MultiplicarDosNumeros.csproj", "{2263AB8D-B195-4FC7-8255-4806083A0887}"
EndProject
Project("{FAE04EC0-301F-11D3-BF4B-00C04F79EFBC}") = "NumeroEsPrimo", "NumeroEsPrimo\NumeroEsPrimo.csproj", "{8C480CAF-1E63-4A06-9AEC-5F05851B978A}"
EndProject
Project("{FAE04EC0-301F-11D3-BF4B-00C04F79EFBC}") = "OrdenarNumeros", "OrdenarNumeros\OrdenarNumeros.csproj", "{4AF4FEAC-A611-4CF4-B69D-C97CFB826D2C}"
EndProject
Project("{FAE04EC0-301F-11D3-BF4B-00C04F79EFBC}") = "Calculadora", "Calculadora\Calculadora.csproj", "{0E3E440C-65CE-4904-9FFC-EF4DCD6F6F31}"
EndProject
Project("{FAE04EC0-301F-11D3-BF4B-00C04F79EFBC}") = "CalendarioMesActual", "CalendarioMesActual\CalendarioMesActual.csproj", "{C006AD30-CE78-49D0-9520-1EB2D14E9972}"
EndProject
Project("{FAE04EC0-301F-11D3-BF4B-00C04F79EFBC}") = "AreaPerimetro", "AreaPerimetro\AreaPerimetro.csproj", "{262696E4-B5C9-491F-907D-66CDA6DDC7E0}"
EndProject
Project("{FAE04EC0-301F-11D3-BF4B-00C04F79EFBC}") = "DiaSemanaFecha", "DiaSemanaFecha\DiaSemanaFecha.csproj", "{F98E892B-5CA8-4C48-AB63-E38E542B31BE}"
EndProject
Project("{FAE04EC0-301F-11D3-BF4B-00C04F79EFBC}") = "InicialNombre", "InicialNombre\InicialNombre.csproj", "{9D48C463-FC67-46BF-8E2C-C353E749A37B}"
EndProject
Project("{FAE04EC0-301F-11D3-BF4B-00C04F79EFBC}") = "CalculadoraCMD", "CalculadoraCMD\CalculadoraCMD.csproj", "{8E25F977-2823-4847-9D18-2770D803713D}"
EndProject
Project("{FAE04EC0-301F-11D3-BF4B-00C04F79EFBC}") = "Multiplicador", "Multiplicador\Multiplicador.csproj", "{6EE16246-3CF7-4867-BBA1-69D8DAEE4951}"
EndProject
Project("{FAE04EC0-301F-11D3-BF4B-00C04F79EFBC}") = "Resumen2daClase", "Resumen2daClase\Resumen2daClase.csproj", "{FBD1F969-411E-454B-9E1D-13DABBAD38E7}"
EndProject
Project("{FAE04EC0-301F-11D3-BF4B-00C04F79EFBC}") = "AreaRectangulo", "AreaRectangulo\AreaRectangulo.csproj", "{504C123F-486F-4840-8A65-5E0349571DC6}"
EndProject
Project("{FAE04EC0-301F-11D3-BF4B-00C04F79EFBC}") = "ConcatenarNombreEdad", "ConcatenarNombreEdad\ConcatenarNombreEdad.csproj", "{2ECE2D5A-7625-455C-AB5D-E61B44EC6DC3}"
EndProject
Project("{FAE04EC0-301F-11D3-BF4B-00C04F79EFBC}") = "CelsiusFahrenheit", "FahrenheitCelsius\CelsiusFahrenheit.csproj", "{E4FE810B-F276-4FE6-B591-4119FB117DED}"
EndProject
Project("{FAE04EC0-301F-11D3-BF4B-00C04F79EFBC}") = "IndiceMasaCorporal", "IndiceMasaCorporal\IndiceMasaCorporal.csproj", "{B79478E0-7F08-4CDF-B80C-0B6A80F24A6A}"
EndProject
Project("{FAE04EC0-301F-11D3-BF4B-00C04F79EFBC}") = "SignoNumero", "SignoNumero\SignoNumero.csproj", "{CF205948-CC5B-4509-818F-72D4884C7D1A}"
EndProject
Project("{FAE04EC0-301F-11D3-BF4B-00C04F79EFBC}") = "DolaresEuros", "DolaresEuros\DolaresEuros.csproj", "{21EEA7A0-D71E-4604-8B8F-50A1D6A88BE8}"
EndProject
Project("{FAE04EC0-301F-11D3-BF4B-00C04F79EFBC}") = "EstadoAgua", "EstadoAgua\EstadoAgua.csproj", "{79314267-CF36-46AE-8EE9-9C2A0A99C19A}"
EndProject
Project("{FAE04EC0-301F-11D3-BF4B-00C04F79EFBC}") = "ActividadTemperatura", "ActividadTemperatura\ActividadTemperatura.csproj", "{5DB147B7-1A87-4C4A-9EEF-E384F16DA115}"
EndProject
Project("{FAE04EC0-301F-11D3-BF4B-00C04F79EFBC}") = "DistintosIguales", "DistintosIguales\DistintosIguales.csproj", "{0736FBAF-7D9E-4934-BB1B-F106EF68A723}"
EndProject
Project("{FAE04EC0-301F-11D3-BF4B-00C04F79EFBC}") = "SocioVIP", "SocioVIP\SocioVIP.csproj", "{F2547537-2F84-4EDA-8BE9-F8AA3204E3BA}"
EndProject
Project("{FAE04EC0-301F-11D3-BF4B-00C04F79EFBC}") = "PerimetroTriangulo", "PerimetroTriangulo\PerimetroTriangulo.csproj", "{1590FA60-C1D8-4112-9615-8FCED1A1BE59}"
EndProject
Project("{FAE04EC0-301F-11D3-BF4B-00C04F79EFBC}") = "Ejercicio3raClase", "Ejercicio3raClase\Ejercicio3raClase.csproj", "{2BCF31A2-3409-46DF-8C11-FA94F1FE3310}"
EndProject
Project("{FAE04EC0-301F-11D3-BF4B-00C04F79EFBC}") = "PresupuestoHelado", "DineroHelado\PresupuestoHelado.csproj", "{7F7163D1-90A3-41A8-91C2-E1C9C561EB30}"
EndProject
Project("{FAE04EC0-301F-11D3-BF4B-00C04F79EFBC}") = "ClasificacionEdad", "ClasificacionEdad\ClasificacionEdad.csproj", "{227E134F-CB58-4530-96A8-ABB0DFC54E5F}"
EndProject
Project("{FAE04EC0-301F-11D3-BF4B-00C04F79EFBC}") = "DivisionTresyCinco", "DivisionTresyCinco\DivisionTresyCinco.csproj", "{A1AF030F-8A57-467E-872D-251FE94F2593}"
EndProject
Project("{FAE04EC0-301F-11D3-BF4B-00C04F79EFBC}") = "Autenticacion", "ControlAcceso\Autenticacion.csproj", "{82F9BBA9-081C-40F7-B5D7-990431B4CD6A}"
EndProject
Global
	GlobalSection(SolutionConfigurationPlatforms) = preSolution
		Debug|Any CPU = Debug|Any CPU
		Release|Any CPU = Release|Any CPU
	EndGlobalSection
	GlobalSection(ProjectConfigurationPlatforms) = postSolution
		{A83AC11A-DE4F-4A41-8B65-4A7164E31B3C}.Debug|Any CPU.ActiveCfg = Debug|Any CPU
		{A83AC11A-DE4F-4A41-8B65-4A7164E31B3C}.Debug|Any CPU.Build.0 = Debug|Any CPU
		{A83AC11A-DE4F-4A41-8B65-4A7164E31B3C}.Release|Any CPU.ActiveCfg = Release|Any CPU
		{A83AC11A-DE4F-4A41-8B65-4A7164E31B3C}.Release|Any CPU.Build.0 = Release|Any CPU
		{2263AB8D-B195-4FC7-8255-4806083A0887}.Debug|Any CPU.ActiveCfg = Debug|Any CPU
		{2263AB8D-B195-4FC7-8255-4806083A0887}.Debug|Any CPU.Build.0 = Debug|Any CPU
		{2263AB8D-B195-4FC7-8255-4806083A0887}.Release|Any CPU.ActiveCfg = Release|Any CPU
		{2263AB8D-B195-4FC7-8255-4806083A0887}.Release|Any CPU.Build.0 = Release|Any CPU
		{8C480CAF-1E63-4A06-9AEC-5F05851B978A}.Debug|Any CPU.ActiveCfg = Debug|Any CPU
		{8C480CAF-1E63-4A06-9AEC-5F05851B978A}.Debug|Any CPU.Build.0 = Debug|Any CPU
		{8C480CAF-1E63-4A06-9AEC-5F05851B978A}.Release|Any CPU.ActiveCfg = Release|Any CPU
		{8C480CAF-1E63-4A06-9AEC-5F05851B978A}.Release|Any CPU.Build.0 = Release|Any CPU
		{4AF4FEAC-A611-4CF4-B69D-C97CFB826D2C}.Debug|Any CPU.ActiveCfg = Debug|Any CPU
		{4AF4FEAC-A611-4CF4-B69D-C97CFB826D2C}.Debug|Any CPU.Build.0 = Debug|Any CPU
		{4AF4FEAC-A611-4CF4-B69D-C97CFB826D2C}.Release|Any CPU.ActiveCfg = Release|Any CPU
		{4AF4FEAC-A611-4CF4-B69D-C97CFB826D2C}.Release|Any CPU.Build.0 = Release|Any CPU
		{0E3E440C-65CE-4904-9FFC-EF4DCD6F6F31}.Debug|Any CPU.ActiveCfg = Debug|Any CPU
		{0E3E440C-65CE-4904-9FFC-EF4DCD6F6F31}.Debug|Any CPU.Build.0 = Debug|Any CPU
		{0E3E440C-65CE-4904-9FFC-EF4DCD6F6F31}.Release|Any CPU.ActiveCfg = Release|Any CPU
		{0E3E440C-65CE-4904-9FFC-EF4DCD6F6F31}.Release|Any CPU.Build.0 = Release|Any CPU
		{C006AD30-CE78-49D0-9520-1EB2D14E9972}.Debug|Any CPU.ActiveCfg = Debug|Any CPU
		{C006AD30-CE78-49D0-9520-1EB2D14E9972}.Debug|Any CPU.Build.0 = Debug|Any CPU
		{C006AD30-CE78-49D0-9520-1EB2D14E9972}.Release|Any CPU.ActiveCfg = Release|Any CPU
		{C006AD30-CE78-49D0-9520-1EB2D14E9972}.Release|Any CPU.Build.0 = Release|Any CPU
		{262696E4-B5C9-491F-907D-66CDA6DDC7E0}.Debug|Any CPU.ActiveCfg = Debug|Any CPU
		{262696E4-B5C9-491F-907D-66CDA6DDC7E0}.Debug|Any CPU.Build.0 = Debug|Any CPU
		{262696E4-B5C9-491F-907D-66CDA6DDC7E0}.Release|Any CPU.ActiveCfg = Release|Any CPU
		{262696E4-B5C9-491F-907D-66CDA6DDC7E0}.Release|Any CPU.Build.0 = Release|Any CPU
		{F98E892B-5CA8-4C48-AB63-E38E542B31BE}.Debug|Any CPU.ActiveCfg = Debug|Any CPU
		{F98E892B-5CA8-4C48-AB63-E38E542B31BE}.Debug|Any CPU.Build.0 = Debug|Any CPU
		{F98E892B-5CA8-4C48-AB63-E38E542B31BE}.Release|Any CPU.ActiveCfg = Release|Any CPU
		{F98E892B-5CA8-4C48-AB63-E38E542B31BE}.Release|Any CPU.Build.0 = Release|Any CPU
		{9D48C463-FC67-46BF-8E2C-C353E749A37B}.Debug|Any CPU.ActiveCfg = Debug|Any CPU
		{9D48C463-FC67-46BF-8E2C-C353E749A37B}.Debug|Any CPU.Build.0 = Debug|Any CPU
		{9D48C463-FC67-46BF-8E2C-C353E749A37B}.Release|Any CPU.ActiveCfg = Release|Any CPU
		{9D48C463-FC67-46BF-8E2C-C353E749A37B}.Release|Any CPU.Build.0 = Release|Any CPU
		{8E25F977-2823-4847-9D18-2770D803713D}.Debug|Any CPU.ActiveCfg = Debug|Any CPU
		{8E25F977-2823-4847-9D18-2770D803713D}.Debug|Any CPU.Build.0 = Debug|Any CPU
		{8E25F977-2823-4847-9D18-2770D803713D}.Release|Any CPU.ActiveCfg = Release|Any CPU
		{8E25F977-2823-4847-9D18-2770D803713D}.Release|Any CPU.Build.0 = Release|Any CPU
		{6EE16246-3CF7-4867-BBA1-69D8DAEE4951}.Debug|Any CPU.ActiveCfg = Debug|Any CPU
		{6EE16246-3CF7-4867-BBA1-69D8DAEE4951}.Debug|Any CPU.Build.0 = Debug|Any CPU
		{6EE16246-3CF7-4867-BBA1-69D8DAEE4951}.Release|Any CPU.ActiveCfg = Release|Any CPU
		{6EE16246-3CF7-4867-BBA1-69D8DAEE4951}.Release|Any CPU.Build.0 = Release|Any CPU
		{FBD1F969-411E-454B-9E1D-13DABBAD38E7}.Debug|Any CPU.ActiveCfg = Debug|Any CPU
		{FBD1F969-411E-454B-9E1D-13DABBAD38E7}.Debug|Any CPU.Build.0 = Debug|Any CPU
		{FBD1F969-411E-454B-9E1D-13DABBAD38E7}.Release|Any CPU.ActiveCfg = Release|Any CPU
		{FBD1F969-411E-454B-9E1D-13DABBAD38E7}.Release|Any CPU.Build.0 = Release|Any CPU
		{504C123F-486F-4840-8A65-5E0349571DC6}.Debug|Any CPU.ActiveCfg = Debug|Any CPU
		{504C123F-486F-4840-8A65-5E0349571DC6}.Debug|Any CPU.Build.0 = Debug|Any CPU
		{504C123F-486F-4840-8A65-5E0349571DC6}.Release|Any CPU.ActiveCfg = Release|Any CPU
		{504C123F-486F-4840-8A65-5E0349571DC6}.Release|Any CPU.Build.0 = Release|Any CPU
		{2ECE2D5A-7625-455C-AB5D-E61B44EC6DC3}.Debug|Any CPU.ActiveCfg = Debug|Any CPU
		{2ECE2D5A-7625-455C-AB5D-E61B44EC6DC3}.Debug|Any CPU.Build.0 = Debug|Any CPU
		{2ECE2D5A-7625-455C-AB5D-E61B44EC6DC3}.Release|Any CPU.ActiveCfg = Release|Any CPU
		{2ECE2D5A-7625-455C-AB5D-E61B44EC6DC3}.Release|Any CPU.Build.0 = Release|Any CPU
		{E4FE810B-F276-4FE6-B591-4119FB117DED}.Debug|Any CPU.ActiveCfg = Debug|Any CPU
		{E4FE810B-F276-4FE6-B591-4119FB117DED}.Debug|Any CPU.Build.0 = Debug|Any CPU
		{E4FE810B-F276-4FE6-B591-4119FB117DED}.Release|Any CPU.ActiveCfg = Release|Any CPU
		{E4FE810B-F276-4FE6-B591-4119FB117DED}.Release|Any CPU.Build.0 = Release|Any CPU
		{B79478E0-7F08-4CDF-B80C-0B6A80F24A6A}.Debug|Any CPU.ActiveCfg = Debug|Any CPU
		{B79478E0-7F08-4CDF-B80C-0B6A80F24A6A}.Debug|Any CPU.Build.0 = Debug|Any CPU
		{B79478E0-7F08-4CDF-B80C-0B6A80F24A6A}.Release|Any CPU.ActiveCfg = Release|Any CPU
		{B79478E0-7F08-4CDF-B80C-0B6A80F24A6A}.Release|Any CPU.Build.0 = Release|Any CPU
		{CF205948-CC5B-4509-818F-72D4884C7D1A}.Debug|Any CPU.ActiveCfg = Debug|Any CPU
		{CF205948-CC5B-4509-818F-72D4884C7D1A}.Debug|Any CPU.Build.0 = Debug|Any CPU
		{CF205948-CC5B-4509-818F-72D4884C7D1A}.Release|Any CPU.ActiveCfg = Release|Any CPU
		{CF205948-CC5B-4509-818F-72D4884C7D1A}.Release|Any CPU.Build.0 = Release|Any CPU
		{21EEA7A0-D71E-4604-8B8F-50A1D6A88BE8}.Debug|Any CPU.ActiveCfg = Debug|Any CPU
		{21EEA7A0-D71E-4604-8B8F-50A1D6A88BE8}.Debug|Any CPU.Build.0 = Debug|Any CPU
		{21EEA7A0-D71E-4604-8B8F-50A1D6A88BE8}.Release|Any CPU.ActiveCfg = Release|Any CPU
		{21EEA7A0-D71E-4604-8B8F-50A1D6A88BE8}.Release|Any CPU.Build.0 = Release|Any CPU
		{79314267-CF36-46AE-8EE9-9C2A0A99C19A}.Debug|Any CPU.ActiveCfg = Debug|Any CPU
		{79314267-CF36-46AE-8EE9-9C2A0A99C19A}.Debug|Any CPU.Build.0 = Debug|Any CPU
		{79314267-CF36-46AE-8EE9-9C2A0A99C19A}.Release|Any CPU.ActiveCfg = Release|Any CPU
		{79314267-CF36-46AE-8EE9-9C2A0A99C19A}.Release|Any CPU.Build.0 = Release|Any CPU
		{5DB147B7-1A87-4C4A-9EEF-E384F16DA115}.Debug|Any CPU.ActiveCfg = Debug|Any CPU
		{5DB147B7-1A87-4C4A-9EEF-E384F16DA115}.Debug|Any CPU.Build.0 = Debug|Any CPU
		{5DB147B7-1A87-4C4A-9EEF-E384F16DA115}.Release|Any CPU.ActiveCfg = Release|Any CPU
		{5DB147B7-1A87-4C4A-9EEF-E384F16DA115}.Release|Any CPU.Build.0 = Release|Any CPU
		{0736FBAF-7D9E-4934-BB1B-F106EF68A723}.Debug|Any CPU.ActiveCfg = Debug|Any CPU
		{0736FBAF-7D9E-4934-BB1B-F106EF68A723}.Debug|Any CPU.Build.0 = Debug|Any CPU
		{0736FBAF-7D9E-4934-BB1B-F106EF68A723}.Release|Any CPU.ActiveCfg = Release|Any CPU
		{0736FBAF-7D9E-4934-BB1B-F106EF68A723}.Release|Any CPU.Build.0 = Release|Any CPU
		{F2547537-2F84-4EDA-8BE9-F8AA3204E3BA}.Debug|Any CPU.ActiveCfg = Debug|Any CPU
		{F2547537-2F84-4EDA-8BE9-F8AA3204E3BA}.Debug|Any CPU.Build.0 = Debug|Any CPU
		{F2547537-2F84-4EDA-8BE9-F8AA3204E3BA}.Release|Any CPU.ActiveCfg = Release|Any CPU
		{F2547537-2F84-4EDA-8BE9-F8AA3204E3BA}.Release|Any CPU.Build.0 = Release|Any CPU
		{1590FA60-C1D8-4112-9615-8FCED1A1BE59}.Debug|Any CPU.ActiveCfg = Debug|Any CPU
		{1590FA60-C1D8-4112-9615-8FCED1A1BE59}.Debug|Any CPU.Build.0 = Debug|Any CPU
		{1590FA60-C1D8-4112-9615-8FCED1A1BE59}.Release|Any CPU.ActiveCfg = Release|Any CPU
		{1590FA60-C1D8-4112-9615-8FCED1A1BE59}.Release|Any CPU.Build.0 = Release|Any CPU
		{2BCF31A2-3409-46DF-8C11-FA94F1FE3310}.Debug|Any CPU.ActiveCfg = Debug|Any CPU
		{2BCF31A2-3409-46DF-8C11-FA94F1FE3310}.Debug|Any CPU.Build.0 = Debug|Any CPU
		{2BCF31A2-3409-46DF-8C11-FA94F1FE3310}.Release|Any CPU.ActiveCfg = Release|Any CPU
		{2BCF31A2-3409-46DF-8C11-FA94F1FE3310}.Release|Any CPU.Build.0 = Release|Any CPU
		{7F7163D1-90A3-41A8-91C2-E1C9C561EB30}.Debug|Any CPU.ActiveCfg = Debug|Any CPU
		{7F7163D1-90A3-41A8-91C2-E1C9C561EB30}.Debug|Any CPU.Build.0 = Debug|Any CPU
		{7F7163D1-90A3-41A8-91C2-E1C9C561EB30}.Release|Any CPU.ActiveCfg = Release|Any CPU
		{7F7163D1-90A3-41A8-91C2-E1C9C561EB30}.Release|Any CPU.Build.0 = Release|Any CPU
		{227E134F-CB58-4530-96A8-ABB0DFC54E5F}.Debug|Any CPU.ActiveCfg = Debug|Any CPU
		{227E134F-CB58-4530-96A8-ABB0DFC54E5F}.Debug|Any CPU.Build.0 = Debug|Any CPU
		{227E134F-CB58-4530-96A8-ABB0DFC54E5F}.Release|Any CPU.ActiveCfg = Release|Any CPU
		{227E134F-CB58-4530-96A8-ABB0DFC54E5F}.Release|Any CPU.Build.0 = Release|Any CPU
		{A1AF030F-8A57-467E-872D-251FE94F2593}.Debug|Any CPU.ActiveCfg = Debug|Any CPU
		{A1AF030F-8A57-467E-872D-251FE94F2593}.Debug|Any CPU.Build.0 = Debug|Any CPU
		{A1AF030F-8A57-467E-872D-251FE94F2593}.Release|Any CPU.ActiveCfg = Release|Any CPU
		{A1AF030F-8A57-467E-872D-251FE94F2593}.Release|Any CPU.Build.0 = Release|Any CPU
		{82F9BBA9-081C-40F7-B5D7-990431B4CD6A}.Debug|Any CPU.ActiveCfg = Debug|Any CPU
		{82F9BBA9-081C-40F7-B5D7-990431B4CD6A}.Debug|Any CPU.Build.0 = Debug|Any CPU
		{82F9BBA9-081C-40F7-B5D7-990431B4CD6A}.Release|Any CPU.ActiveCfg = Release|Any CPU
		{82F9BBA9-081C-40F7-B5D7-990431B4CD6A}.Release|Any CPU.Build.0 = Release|Any CPU
	EndGlobalSection
	GlobalSection(SolutionProperties) = preSolution
		HideSolutionNode = FALSE
	EndGlobalSection
EndGlobal
