
Microsoft Visual Studio Solution File, Format Version 12.00
# Visual Studio Version 17
VisualStudioVersion = 17.12.35707.178
MinimumVisualStudioVersion = 10.0.40219.1
Project("{FAE04EC0-301F-11D3-BF4B-00C04F79EFBC}") = "DividirDosNumeros", "DividirDosNumeros\DividirDosNumeros.csproj", "{A83AC11A-DE4F-4A41-8B65-4A7164E31B3C}"
EndProject
Project("{FAE04EC0-301F-11D3-BF4B-00C04F79EFBC}") = "MultiplicarDosNumeros", "MultiplicarDosNumeros\MultiplicarDosNumeros.csproj", "{2263AB8D-B195-4FC7-8255-4806083A0887}"
EndProject
Project("{FAE04EC0-301F-11D3-BF4B-00C04F79EFBC}") = "NumeroEsPrimo", "NumeroEsPrimo\NumeroEsPrimo.csproj", "{8C480CAF-1E63-4A06-9AEC-5F05851B978A}"
EndProject
Project("{FAE04EC0-301F-11D3-BF4B-00C04F79EFBC}") = "OrdenarNumeros", "OrdenarNumeros\OrdenarNumeros.csproj", "{4AF4FEAC-A611-4CF4-B69D-C97CFB826D2C}"
EndProject
Project("{FAE04EC0-301F-11D3-BF4B-00C04F79EFBC}") = "Calculadora", "Calculadora\Calculadora.csproj", "{0E3E440C-65CE-4904-9FFC-EF4DCD6F6F31}"
EndProject
Project("{FAE04EC0-301F-11D3-BF4B-00C04F79EFBC}") = "CalendarioMesActual", "CalendarioMesActual\CalendarioMesActual.csproj", "{C006AD30-CE78-49D0-9520-1EB2D14E9972}"
EndProject
Project("{FAE04EC0-301F-11D3-BF4B-00C04F79EFBC}") = "AreaPerimetro", "AreaPerimetro\AreaPerimetro.csproj", "{262696E4-B5C9-491F-907D-66CDA6DDC7E0}"
EndProject
Project("{FAE04EC0-301F-11D3-BF4B-00C04F79EFBC}") = "DiaSemanaFecha", "DiaSemanaFecha\DiaSemanaFecha.csproj", "{F98E892B-5CA8-4C48-AB63-E38E542B31BE}"
EndProject
Project("{FAE04EC0-301F-11D3-BF4B-00C04F79EFBC}") = "InicialNombre", "InicialNombre\InicialNombre.csproj", "{9D48C463-FC67-46BF-8E2C-C353E749A37B}"
EndProject
Project("{FAE04EC0-301F-11D3-BF4B-00C04F79EFBC}") = "CalculadoraCMD", "CalculadoraCMD\CalculadoraCMD.csproj", "{8E25F977-2823-4847-9D18-2770D803713D}"
EndProject
Project("{FAE04EC0-301F-11D3-BF4B-00C04F79EFBC}") = "Multiplicador", "Multiplicador\Multiplicador.csproj", "{6EE16246-3CF7-4867-BBA1-69D8DAEE4951}"
EndProject
Project("{FAE04EC0-301F-11D3-BF4B-00C04F79EFBC}") = "Resumen2daClase", "Resumen2daClase\Resumen2daClase.csproj", "{FBD1F969-411E-454B-9E1D-13DABBAD38E7}"
EndProject
Global
	GlobalSection(SolutionConfigurationPlatforms) = preSolution
		Debug|Any CPU = Debug|Any CPU
		Release|Any CPU = Release|Any CPU
	EndGlobalSection
	GlobalSection(ProjectConfigurationPlatforms) = postSolution
		{A83AC11A-DE4F-4A41-8B65-4A7164E31B3C}.Debug|Any CPU.ActiveCfg = Debug|Any CPU
		{A83AC11A-DE4F-4A41-8B65-4A7164E31B3C}.Debug|Any CPU.Build.0 = Debug|Any CPU
		{A83AC11A-DE4F-4A41-8B65-4A7164E31B3C}.Release|Any CPU.ActiveCfg = Release|Any CPU
		{A83AC11A-DE4F-4A41-8B65-4A7164E31B3C}.Release|Any CPU.Build.0 = Release|Any CPU
		{2263AB8D-B195-4FC7-8255-4806083A0887}.Debug|Any CPU.ActiveCfg = Debug|Any CPU
		{2263AB8D-B195-4FC7-8255-4806083A0887}.Debug|Any CPU.Build.0 = Debug|Any CPU
		{2263AB8D-B195-4FC7-8255-4806083A0887}.Release|Any CPU.ActiveCfg = Release|Any CPU
		{2263AB8D-B195-4FC7-8255-4806083A0887}.Release|Any CPU.Build.0 = Release|Any CPU
		{8C480CAF-1E63-4A06-9AEC-5F05851B978A}.Debug|Any CPU.ActiveCfg = Debug|Any CPU
		{8C480CAF-1E63-4A06-9AEC-5F05851B978A}.Debug|Any CPU.Build.0 = Debug|Any CPU
		{8C480CAF-1E63-4A06-9AEC-5F05851B978A}.Release|Any CPU.ActiveCfg = Release|Any CPU
		{8C480CAF-1E63-4A06-9AEC-5F05851B978A}.Release|Any CPU.Build.0 = Release|Any CPU
		{4AF4FEAC-A611-4CF4-B69D-C97CFB826D2C}.Debug|Any CPU.ActiveCfg = Debug|Any CPU
		{4AF4FEAC-A611-4CF4-B69D-C97CFB826D2C}.Debug|Any CPU.Build.0 = Debug|Any CPU
		{4AF4FEAC-A611-4CF4-B69D-C97CFB826D2C}.Release|Any CPU.ActiveCfg = Release|Any CPU
		{4AF4FEAC-A611-4CF4-B69D-C97CFB826D2C}.Release|Any CPU.Build.0 = Release|Any CPU
		{0E3E440C-65CE-4904-9FFC-EF4DCD6F6F31}.Debug|Any CPU.ActiveCfg = Debug|Any CPU
		{0E3E440C-65CE-4904-9FFC-EF4DCD6F6F31}.Debug|Any CPU.Build.0 = Debug|Any CPU
		{0E3E440C-65CE-4904-9FFC-EF4DCD6F6F31}.Release|Any CPU.ActiveCfg = Release|Any CPU
		{0E3E440C-65CE-4904-9FFC-EF4DCD6F6F31}.Release|Any CPU.Build.0 = Release|Any CPU
		{C006AD30-CE78-49D0-9520-1EB2D14E9972}.Debug|Any CPU.ActiveCfg = Debug|Any CPU
		{C006AD30-CE78-49D0-9520-1EB2D14E9972}.Debug|Any CPU.Build.0 = Debug|Any CPU
		{C006AD30-CE78-49D0-9520-1EB2D14E9972}.Release|Any CPU.ActiveCfg = Release|Any CPU
		{C006AD30-CE78-49D0-9520-1EB2D14E9972}.Release|Any CPU.Build.0 = Release|Any CPU
		{262696E4-B5C9-491F-907D-66CDA6DDC7E0}.Debug|Any CPU.ActiveCfg = Debug|Any CPU
		{262696E4-B5C9-491F-907D-66CDA6DDC7E0}.Debug|Any CPU.Build.0 = Debug|Any CPU
		{262696E4-B5C9-491F-907D-66CDA6DDC7E0}.Release|Any CPU.ActiveCfg = Release|Any CPU
		{262696E4-B5C9-491F-907D-66CDA6DDC7E0}.Release|Any CPU.Build.0 = Release|Any CPU
		{F98E892B-5CA8-4C48-AB63-E38E542B31BE}.Debug|Any CPU.ActiveCfg = Debug|Any CPU
		{F98E892B-5CA8-4C48-AB63-E38E542B31BE}.Debug|Any CPU.Build.0 = Debug|Any CPU
		{F98E892B-5CA8-4C48-AB63-E38E542B31BE}.Release|Any CPU.ActiveCfg = Release|Any CPU
		{F98E892B-5CA8-4C48-AB63-E38E542B31BE}.Release|Any CPU.Build.0 = Release|Any CPU
		{9D48C463-FC67-46BF-8E2C-C353E749A37B}.Debug|Any CPU.ActiveCfg = Debug|Any CPU
		{9D48C463-FC67-46BF-8E2C-C353E749A37B}.Debug|Any CPU.Build.0 = Debug|Any CPU
		{9D48C463-FC67-46BF-8E2C-C353E749A37B}.Release|Any CPU.ActiveCfg = Release|Any CPU
		{9D48C463-FC67-46BF-8E2C-C353E749A37B}.Release|Any CPU.Build.0 = Release|Any CPU
		{8E25F977-2823-4847-9D18-2770D803713D}.Debug|Any CPU.ActiveCfg = Debug|Any CPU
		{8E25F977-2823-4847-9D18-2770D803713D}.Debug|Any CPU.Build.0 = Debug|Any CPU
		{8E25F977-2823-4847-9D18-2770D803713D}.Release|Any CPU.ActiveCfg = Release|Any CPU
		{8E25F977-2823-4847-9D18-2770D803713D}.Release|Any CPU.Build.0 = Release|Any CPU
		{6EE16246-3CF7-4867-BBA1-69D8DAEE4951}.Debug|Any CPU.ActiveCfg = Debug|Any CPU
		{6EE16246-3CF7-4867-BBA1-69D8DAEE4951}.Debug|Any CPU.Build.0 = Debug|Any CPU
		{6EE16246-3CF7-4867-BBA1-69D8DAEE4951}.Release|Any CPU.ActiveCfg = Release|Any CPU
		{6EE16246-3CF7-4867-BBA1-69D8DAEE4951}.Release|Any CPU.Build.0 = Release|Any CPU
		{FBD1F969-411E-454B-9E1D-13DABBAD38E7}.Debug|Any CPU.ActiveCfg = Debug|Any CPU
		{FBD1F969-411E-454B-9E1D-13DABBAD38E7}.Debug|Any CPU.Build.0 = Debug|Any CPU
		{FBD1F969-411E-454B-9E1D-13DABBAD38E7}.Release|Any CPU.ActiveCfg = Release|Any CPU
		{FBD1F969-411E-454B-9E1D-13DABBAD38E7}.Release|Any CPU.Build.0 = Release|Any CPU
	EndGlobalSection
	GlobalSection(SolutionProperties) = preSolution
		HideSolutionNode = FALSE
	EndGlobalSection
EndGlobal
